// !$*UTF8*$!
{
	archiveVersion = 1;
	classes = {
	};
	objectVersion = 46;
	objects = {

/* Begin PBXBuildFile section */
		501B57F51DBF6D0700165A00 /* main.m in Sources */ = {isa = PBXBuildFile; fileRef = 501B57F41DBF6D0700165A00 /* main.m */; };
		501B57F81DBF6D0700165A00 /* AppDelegate.m in Sources */ = {isa = PBXBuildFile; fileRef = 501B57F71DBF6D0700165A00 /* AppDelegate.m */; };
		501B57FB1DBF6D0700165A00 /* ViewController.m in Sources */ = {isa = PBXBuildFile; fileRef = 501B57FA1DBF6D0700165A00 /* ViewController.m */; };
		501B57FE1DBF6D0700165A00 /* Main.storyboard in Resources */ = {isa = PBXBuildFile; fileRef = 501B57FC1DBF6D0700165A00 /* Main.storyboard */; };
		501B58001DBF6D0700165A00 /* Assets.xcassets in Resources */ = {isa = PBXBuildFile; fileRef = 501B57FF1DBF6D0700165A00 /* Assets.xcassets */; };
		501B58031DBF6D0700165A00 /* LaunchScreen.storyboard in Resources */ = {isa = PBXBuildFile; fileRef = 501B58011DBF6D0700165A00 /* LaunchScreen.storyboard */; };
		501B580E1DBF6D0700165A00 /* BootAnimationDemoTests.m in Sources */ = {isa = PBXBuildFile; fileRef = 501B580D1DBF6D0700165A00 /* BootAnimationDemoTests.m */; };
		501B58191DBF6D0700165A00 /* BootAnimationDemoUITests.m in Sources */ = {isa = PBXBuildFile; fileRef = 501B58181DBF6D0700165A00 /* BootAnimationDemoUITests.m */; };
		501B58511DBF6D5C00165A00 /* AFHTTPRequestOperation.m in Sources */ = {isa = PBXBuildFile; fileRef = 501B582B1DBF6D5C00165A00 /* AFHTTPRequestOperation.m */; };
		501B58521DBF6D5C00165A00 /* AFHTTPRequestOperationManager.m in Sources */ = {isa = PBXBuildFile; fileRef = 501B582D1DBF6D5C00165A00 /* AFHTTPRequestOperationManager.m */; };
		501B58531DBF6D5C00165A00 /* AFHTTPSessionManager.m in Sources */ = {isa = PBXBuildFile; fileRef = 501B582F1DBF6D5C00165A00 /* AFHTTPSessionManager.m */; };
		501B58541DBF6D5C00165A00 /* AFNetworkReachabilityManager.m in Sources */ = {isa = PBXBuildFile; fileRef = 501B58321DBF6D5C00165A00 /* AFNetworkReachabilityManager.m */; };
		501B58551DBF6D5C00165A00 /* AFSecurityPolicy.m in Sources */ = {isa = PBXBuildFile; fileRef = 501B58341DBF6D5C00165A00 /* AFSecurityPolicy.m */; };
		501B58561DBF6D5C00165A00 /* AFURLConnectionOperation.m in Sources */ = {isa = PBXBuildFile; fileRef = 501B58361DBF6D5C00165A00 /* AFURLConnectionOperation.m */; };
		501B58571DBF6D5C00165A00 /* AFURLRequestSerialization.m in Sources */ = {isa = PBXBuildFile; fileRef = 501B58381DBF6D5C00165A00 /* AFURLRequestSerialization.m */; };
		501B58581DBF6D5C00165A00 /* AFURLResponseSerialization.m in Sources */ = {isa = PBXBuildFile; fileRef = 501B583A1DBF6D5C00165A00 /* AFURLResponseSerialization.m */; };
		501B58591DBF6D5C00165A00 /* AFURLSessionManager.m in Sources */ = {isa = PBXBuildFile; fileRef = 501B583C1DBF6D5C00165A00 /* AFURLSessionManager.m */; };
		501B585A1DBF6D5C00165A00 /* LICENSE in Resources */ = {isa = PBXBuildFile; fileRef = 501B583D1DBF6D5C00165A00 /* LICENSE */; };
		501B585B1DBF6D5C00165A00 /* README.md in Sources */ = {isa = PBXBuildFile; fileRef = 501B583E1DBF6D5C00165A00 /* README.md */; };
		501B585C1DBF6D5C00165A00 /* AFNetworkActivityIndicatorManager.m in Sources */ = {isa = PBXBuildFile; fileRef = 501B58411DBF6D5C00165A00 /* AFNetworkActivityIndicatorManager.m */; };
		501B585D1DBF6D5C00165A00 /* UIActivityIndicatorView+AFNetworking.m in Sources */ = {isa = PBXBuildFile; fileRef = 501B58431DBF6D5C00165A00 /* UIActivityIndicatorView+AFNetworking.m */; };
		501B585E1DBF6D5C00165A00 /* UIAlertView+AFNetworking.m in Sources */ = {isa = PBXBuildFile; fileRef = 501B58451DBF6D5C00165A00 /* UIAlertView+AFNetworking.m */; };
		501B585F1DBF6D5C00165A00 /* UIButton+AFNetworking.m in Sources */ = {isa = PBXBuildFile; fileRef = 501B58471DBF6D5C00165A00 /* UIButton+AFNetworking.m */; };
		501B58601DBF6D5C00165A00 /* UIImageView+AFNetworking.m in Sources */ = {isa = PBXBuildFile; fileRef = 501B58491DBF6D5C00165A00 /* UIImageView+AFNetworking.m */; };
		501B58611DBF6D5C00165A00 /* UIProgressView+AFNetworking.m in Sources */ = {isa = PBXBuildFile; fileRef = 501B584C1DBF6D5C00165A00 /* UIProgressView+AFNetworking.m */; };
		501B58621DBF6D5C00165A00 /* UIRefreshControl+AFNetworking.m in Sources */ = {isa = PBXBuildFile; fileRef = 501B584E1DBF6D5C00165A00 /* UIRefreshControl+AFNetworking.m */; };
		501B58631DBF6D5C00165A00 /* UIWebView+AFNetworking.m in Sources */ = {isa = PBXBuildFile; fileRef = 501B58501DBF6D5C00165A00 /* UIWebView+AFNetworking.m */; };
		501B58661DBF6DAE00165A00 /* GlobalModel.m in Sources */ = {isa = PBXBuildFile; fileRef = 501B58651DBF6DAE00165A00 /* GlobalModel.m */; };
		501B586F1DBF6DD400165A00 /* BootAnimation.m in Sources */ = {isa = PBXBuildFile; fileRef = 501B58681DBF6DD400165A00 /* BootAnimation.m */; };
		501B58701DBF6DD400165A00 /* CHRollView.m in Sources */ = {isa = PBXBuildFile; fileRef = 501B586A1DBF6DD400165A00 /* CHRollView.m */; };
		501B58711DBF6DD400165A00 /* GuidePagesViewController.m in Sources */ = {isa = PBXBuildFile; fileRef = 501B586C1DBF6DD400165A00 /* GuidePagesViewController.m */; };
		501B58721DBF6DD400165A00 /* NewUserGuide.m in Sources */ = {isa = PBXBuildFile; fileRef = 501B586E1DBF6DD400165A00 /* NewUserGuide.m */; };
		501B587B1DBF723900165A00 /* EDIT HERE3.mp4 in Resources */ = {isa = PBXBuildFile; fileRef = 501B58741DBF723900165A00 /* EDIT HERE3.mp4 */; };
		501B587C1DBF723900165A00 /* HomeGuide@2x.png in Resources */ = {isa = PBXBuildFile; fileRef = 501B58751DBF723900165A00 /* HomeGuide@2x.png */; };
		501B587D1DBF723900165A00 /* HomeGuide@3x.png in Resources */ = {isa = PBXBuildFile; fileRef = 501B58761DBF723900165A00 /* HomeGuide@3x.png */; };
		501B587F1DBF723900165A00 /* HomeGuide5@2x.png in Resources */ = {isa = PBXBuildFile; fileRef = 501B58781DBF723900165A00 /* HomeGuide5@2x.png */; };
		501B58801DBF723900165A00 /* VerificationCode@2x.png in Resources */ = {isa = PBXBuildFile; fileRef = 501B58791DBF723900165A00 /* VerificationCode@2x.png */; };
		501B58811DBF723900165A00 /* VerificationCode@3x.png in Resources */ = {isa = PBXBuildFile; fileRef = 501B587A1DBF723900165A00 /* VerificationCode@3x.png */; };
		50FC934A1DC044E8005FE22B /* 151.jpg in Resources */ = {isa = PBXBuildFile; fileRef = 50FC93471DC044E8005FE22B /* 151.jpg */; };
		50FC934B1DC044E8005FE22B /* 152.jpeg in Resources */ = {isa = PBXBuildFile; fileRef = 50FC93481DC044E8005FE22B /* 152.jpeg */; };
		50FC934C1DC044E8005FE22B /* 153.jpg in Resources */ = {isa = PBXBuildFile; fileRef = 50FC93491DC044E8005FE22B /* 153.jpg */; };
/* End PBXBuildFile section */

/* Begin PBXContainerItemProxy section */
		501B580A1DBF6D0700165A00 /* PBXContainerItemProxy */ = {
			isa = PBXContainerItemProxy;
			containerPortal = 501B57E81DBF6D0700165A00 /* Project object */;
			proxyType = 1;
			remoteGlobalIDString = 501B57EF1DBF6D0700165A00;
			remoteInfo = BootAnimationDemo;
		};
		501B58151DBF6D0700165A00 /* PBXContainerItemProxy */ = {
			isa = PBXContainerItemProxy;
			containerPortal = 501B57E81DBF6D0700165A00 /* Project object */;
			proxyType = 1;
			remoteGlobalIDString = 501B57EF1DBF6D0700165A00;
			remoteInfo = BootAnimationDemo;
		};
/* End PBXContainerItemProxy section */

/* Begin PBXFileReference section */
		501B57F01DBF6D0700165A00 /* BootAnimationDemo.app */ = {isa = PBXFileReference; explicitFileType = wrapper.application; includeInIndex = 0; path = BootAnimationDemo.app; sourceTree = BUILT_PRODUCTS_DIR; };
		501B57F41DBF6D0700165A00 /* main.m */ = {isa = PBXFileReference; lastKnownFileType = sourcecode.c.objc; path = main.m; sourceTree = "<group>"; };
		501B57F61DBF6D0700165A00 /* AppDelegate.h */ = {isa = PBXFileReference; lastKnownFileType = sourcecode.c.h; path = AppDelegate.h; sourceTree = "<group>"; };
		501B57F71DBF6D0700165A00 /* AppDelegate.m */ = {isa = PBXFileReference; lastKnownFileType = sourcecode.c.objc; path = AppDelegate.m; sourceTree = "<group>"; };
		501B57F91DBF6D0700165A00 /* ViewController.h */ = {isa = PBXFileReference; lastKnownFileType = sourcecode.c.h; path = ViewController.h; sourceTree = "<group>"; };
		501B57FA1DBF6D0700165A00 /* ViewController.m */ = {isa = PBXFileReference; lastKnownFileType = sourcecode.c.objc; path = ViewController.m; sourceTree = "<group>"; };
		501B57FD1DBF6D0700165A00 /* Base */ = {isa = PBXFileReference; lastKnownFileType = file.storyboard; name = Base; path = Base.lproj/Main.storyboard; sourceTree = "<group>"; };
		501B57FF1DBF6D0700165A00 /* Assets.xcassets */ = {isa = PBXFileReference; lastKnownFileType = folder.assetcatalog; path = Assets.xcassets; sourceTree = "<group>"; };
		501B58021DBF6D0700165A00 /* Base */ = {isa = PBXFileReference; lastKnownFileType = file.storyboard; name = Base; path = Base.lproj/LaunchScreen.storyboard; sourceTree = "<group>"; };
		501B58041DBF6D0700165A00 /* Info.plist */ = {isa = PBXFileReference; lastKnownFileType = text.plist.xml; path = Info.plist; sourceTree = "<group>"; };
		501B58091DBF6D0700165A00 /* BootAnimationDemoTests.xctest */ = {isa = PBXFileReference; explicitFileType = wrapper.cfbundle; includeInIndex = 0; path = BootAnimationDemoTests.xctest; sourceTree = BUILT_PRODUCTS_DIR; };
		501B580D1DBF6D0700165A00 /* BootAnimationDemoTests.m */ = {isa = PBXFileReference; lastKnownFileType = sourcecode.c.objc; path = BootAnimationDemoTests.m; sourceTree = "<group>"; };
		501B580F1DBF6D0700165A00 /* Info.plist */ = {isa = PBXFileReference; lastKnownFileType = text.plist.xml; path = Info.plist; sourceTree = "<group>"; };
		501B58141DBF6D0700165A00 /* BootAnimationDemoUITests.xctest */ = {isa = PBXFileReference; explicitFileType = wrapper.cfbundle; includeInIndex = 0; path = BootAnimationDemoUITests.xctest; sourceTree = BUILT_PRODUCTS_DIR; };
		501B58181DBF6D0700165A00 /* BootAnimationDemoUITests.m */ = {isa = PBXFileReference; lastKnownFileType = sourcecode.c.objc; path = BootAnimationDemoUITests.m; sourceTree = "<group>"; };
		501B581A1DBF6D0700165A00 /* Info.plist */ = {isa = PBXFileReference; lastKnownFileType = text.plist.xml; path = Info.plist; sourceTree = "<group>"; };
		501B582A1DBF6D5C00165A00 /* AFHTTPRequestOperation.h */ = {isa = PBXFileReference; fileEncoding = 4; lastKnownFileType = sourcecode.c.h; path = AFHTTPRequestOperation.h; sourceTree = "<group>"; };
		501B582B1DBF6D5C00165A00 /* AFHTTPRequestOperation.m */ = {isa = PBXFileReference; fileEncoding = 4; lastKnownFileType = sourcecode.c.objc; path = AFHTTPRequestOperation.m; sourceTree = "<group>"; };
		501B582C1DBF6D5C00165A00 /* AFHTTPRequestOperationManager.h */ = {isa = PBXFileReference; fileEncoding = 4; lastKnownFileType = sourcecode.c.h; path = AFHTTPRequestOperationManager.h; sourceTree = "<group>"; };
		501B582D1DBF6D5C00165A00 /* AFHTTPRequestOperationManager.m */ = {isa = PBXFileReference; fileEncoding = 4; lastKnownFileType = sourcecode.c.objc; path = AFHTTPRequestOperationManager.m; sourceTree = "<group>"; };
		501B582E1DBF6D5C00165A00 /* AFHTTPSessionManager.h */ = {isa = PBXFileReference; fileEncoding = 4; lastKnownFileType = sourcecode.c.h; path = AFHTTPSessionManager.h; sourceTree = "<group>"; };
		501B582F1DBF6D5C00165A00 /* AFHTTPSessionManager.m */ = {isa = PBXFileReference; fileEncoding = 4; lastKnownFileType = sourcecode.c.objc; path = AFHTTPSessionManager.m; sourceTree = "<group>"; };
		501B58301DBF6D5C00165A00 /* AFNetworking.h */ = {isa = PBXFileReference; fileEncoding = 4; lastKnownFileType = sourcecode.c.h; path = AFNetworking.h; sourceTree = "<group>"; };
		501B58311DBF6D5C00165A00 /* AFNetworkReachabilityManager.h */ = {isa = PBXFileReference; fileEncoding = 4; lastKnownFileType = sourcecode.c.h; path = AFNetworkReachabilityManager.h; sourceTree = "<group>"; };
		501B58321DBF6D5C00165A00 /* AFNetworkReachabilityManager.m */ = {isa = PBXFileReference; fileEncoding = 4; lastKnownFileType = sourcecode.c.objc; path = AFNetworkReachabilityManager.m; sourceTree = "<group>"; };
		501B58331DBF6D5C00165A00 /* AFSecurityPolicy.h */ = {isa = PBXFileReference; fileEncoding = 4; lastKnownFileType = sourcecode.c.h; path = AFSecurityPolicy.h; sourceTree = "<group>"; };
		501B58341DBF6D5C00165A00 /* AFSecurityPolicy.m */ = {isa = PBXFileReference; fileEncoding = 4; lastKnownFileType = sourcecode.c.objc; path = AFSecurityPolicy.m; sourceTree = "<group>"; };
		501B58351DBF6D5C00165A00 /* AFURLConnectionOperation.h */ = {isa = PBXFileReference; fileEncoding = 4; lastKnownFileType = sourcecode.c.h; path = AFURLConnectionOperation.h; sourceTree = "<group>"; };
		501B58361DBF6D5C00165A00 /* AFURLConnectionOperation.m */ = {isa = PBXFileReference; fileEncoding = 4; lastKnownFileType = sourcecode.c.objc; path = AFURLConnectionOperation.m; sourceTree = "<group>"; };
		501B58371DBF6D5C00165A00 /* AFURLRequestSerialization.h */ = {isa = PBXFileReference; fileEncoding = 4; lastKnownFileType = sourcecode.c.h; path = AFURLRequestSerialization.h; sourceTree = "<group>"; };
		501B58381DBF6D5C00165A00 /* AFURLRequestSerialization.m */ = {isa = PBXFileReference; fileEncoding = 4; lastKnownFileType = sourcecode.c.objc; path = AFURLRequestSerialization.m; sourceTree = "<group>"; };
		501B58391DBF6D5C00165A00 /* AFURLResponseSerialization.h */ = {isa = PBXFileReference; fileEncoding = 4; lastKnownFileType = sourcecode.c.h; path = AFURLResponseSerialization.h; sourceTree = "<group>"; };
		501B583A1DBF6D5C00165A00 /* AFURLResponseSerialization.m */ = {isa = PBXFileReference; fileEncoding = 4; lastKnownFileType = sourcecode.c.objc; path = AFURLResponseSerialization.m; sourceTree = "<group>"; };
		501B583B1DBF6D5C00165A00 /* AFURLSessionManager.h */ = {isa = PBXFileReference; fileEncoding = 4; lastKnownFileType = sourcecode.c.h; path = AFURLSessionManager.h; sourceTree = "<group>"; };
		501B583C1DBF6D5C00165A00 /* AFURLSessionManager.m */ = {isa = PBXFileReference; fileEncoding = 4; lastKnownFileType = sourcecode.c.objc; path = AFURLSessionManager.m; sourceTree = "<group>"; };
		501B583D1DBF6D5C00165A00 /* LICENSE */ = {isa = PBXFileReference; fileEncoding = 4; lastKnownFileType = text; path = LICENSE; sourceTree = "<group>"; };
		501B583E1DBF6D5C00165A00 /* README.md */ = {isa = PBXFileReference; fileEncoding = 4; lastKnownFileType = net.daringfireball.markdown; path = README.md; sourceTree = "<group>"; };
		501B58401DBF6D5C00165A00 /* AFNetworkActivityIndicatorManager.h */ = {isa = PBXFileReference; fileEncoding = 4; lastKnownFileType = sourcecode.c.h; path = AFNetworkActivityIndicatorManager.h; sourceTree = "<group>"; };
		501B58411DBF6D5C00165A00 /* AFNetworkActivityIndicatorManager.m */ = {isa = PBXFileReference; fileEncoding = 4; lastKnownFileType = sourcecode.c.objc; path = AFNetworkActivityIndicatorManager.m; sourceTree = "<group>"; };
		501B58421DBF6D5C00165A00 /* UIActivityIndicatorView+AFNetworking.h */ = {isa = PBXFileReference; fileEncoding = 4; lastKnownFileType = sourcecode.c.h; path = "UIActivityIndicatorView+AFNetworking.h"; sourceTree = "<group>"; };
		501B58431DBF6D5C00165A00 /* UIActivityIndicatorView+AFNetworking.m */ = {isa = PBXFileReference; fileEncoding = 4; lastKnownFileType = sourcecode.c.objc; path = "UIActivityIndicatorView+AFNetworking.m"; sourceTree = "<group>"; };
		501B58441DBF6D5C00165A00 /* UIAlertView+AFNetworking.h */ = {isa = PBXFileReference; fileEncoding = 4; lastKnownFileType = sourcecode.c.h; path = "UIAlertView+AFNetworking.h"; sourceTree = "<group>"; };
		501B58451DBF6D5C00165A00 /* UIAlertView+AFNetworking.m */ = {isa = PBXFileReference; fileEncoding = 4; lastKnownFileType = sourcecode.c.objc; path = "UIAlertView+AFNetworking.m"; sourceTree = "<group>"; };
		501B58461DBF6D5C00165A00 /* UIButton+AFNetworking.h */ = {isa = PBXFileReference; fileEncoding = 4; lastKnownFileType = sourcecode.c.h; path = "UIButton+AFNetworking.h"; sourceTree = "<group>"; };
		501B58471DBF6D5C00165A00 /* UIButton+AFNetworking.m */ = {isa = PBXFileReference; fileEncoding = 4; lastKnownFileType = sourcecode.c.objc; path = "UIButton+AFNetworking.m"; sourceTree = "<group>"; };
		501B58481DBF6D5C00165A00 /* UIImageView+AFNetworking.h */ = {isa = PBXFileReference; fileEncoding = 4; lastKnownFileType = sourcecode.c.h; path = "UIImageView+AFNetworking.h"; sourceTree = "<group>"; };
		501B58491DBF6D5C00165A00 /* UIImageView+AFNetworking.m */ = {isa = PBXFileReference; fileEncoding = 4; lastKnownFileType = sourcecode.c.objc; path = "UIImageView+AFNetworking.m"; sourceTree = "<group>"; };
		501B584A1DBF6D5C00165A00 /* UIKit+AFNetworking.h */ = {isa = PBXFileReference; fileEncoding = 4; lastKnownFileType = sourcecode.c.h; path = "UIKit+AFNetworking.h"; sourceTree = "<group>"; };
		501B584B1DBF6D5C00165A00 /* UIProgressView+AFNetworking.h */ = {isa = PBXFileReference; fileEncoding = 4; lastKnownFileType = sourcecode.c.h; path = "UIProgressView+AFNetworking.h"; sourceTree = "<group>"; };
		501B584C1DBF6D5C00165A00 /* UIProgressView+AFNetworking.m */ = {isa = PBXFileReference; fileEncoding = 4; lastKnownFileType = sourcecode.c.objc; path = "UIProgressView+AFNetworking.m"; sourceTree = "<group>"; };
		501B584D1DBF6D5C00165A00 /* UIRefreshControl+AFNetworking.h */ = {isa = PBXFileReference; fileEncoding = 4; lastKnownFileType = sourcecode.c.h; path = "UIRefreshControl+AFNetworking.h"; sourceTree = "<group>"; };
		501B584E1DBF6D5C00165A00 /* UIRefreshControl+AFNetworking.m */ = {isa = PBXFileReference; fileEncoding = 4; lastKnownFileType = sourcecode.c.objc; path = "UIRefreshControl+AFNetworking.m"; sourceTree = "<group>"; };
		501B584F1DBF6D5C00165A00 /* UIWebView+AFNetworking.h */ = {isa = PBXFileReference; fileEncoding = 4; lastKnownFileType = sourcecode.c.h; path = "UIWebView+AFNetworking.h"; sourceTree = "<group>"; };
		501B58501DBF6D5C00165A00 /* UIWebView+AFNetworking.m */ = {isa = PBXFileReference; fileEncoding = 4; lastKnownFileType = sourcecode.c.objc; path = "UIWebView+AFNetworking.m"; sourceTree = "<group>"; };
		501B58641DBF6DAE00165A00 /* GlobalModel.h */ = {isa = PBXFileReference; fileEncoding = 4; lastKnownFileType = sourcecode.c.h; path = GlobalModel.h; sourceTree = "<group>"; };
		501B58651DBF6DAE00165A00 /* GlobalModel.m */ = {isa = PBXFileReference; fileEncoding = 4; lastKnownFileType = sourcecode.c.objc; path = GlobalModel.m; sourceTree = "<group>"; };
		501B58671DBF6DD400165A00 /* BootAnimation.h */ = {isa = PBXFileReference; fileEncoding = 4; lastKnownFileType = sourcecode.c.h; path = BootAnimation.h; sourceTree = "<group>"; };
		501B58681DBF6DD400165A00 /* BootAnimation.m */ = {isa = PBXFileReference; fileEncoding = 4; lastKnownFileType = sourcecode.c.objc; path = BootAnimation.m; sourceTree = "<group>"; };
		501B58691DBF6DD400165A00 /* CHRollView.h */ = {isa = PBXFileReference; fileEncoding = 4; lastKnownFileType = sourcecode.c.h; path = CHRollView.h; sourceTree = "<group>"; };
		501B586A1DBF6DD400165A00 /* CHRollView.m */ = {isa = PBXFileReference; fileEncoding = 4; lastKnownFileType = sourcecode.c.objc; path = CHRollView.m; sourceTree = "<group>"; };
		501B586B1DBF6DD400165A00 /* GuidePagesViewController.h */ = {isa = PBXFileReference; fileEncoding = 4; lastKnownFileType = sourcecode.c.h; path = GuidePagesViewController.h; sourceTree = "<group>"; };
		501B586C1DBF6DD400165A00 /* GuidePagesViewController.m */ = {isa = PBXFileReference; fileEncoding = 4; lastKnownFileType = sourcecode.c.objc; path = GuidePagesViewController.m; sourceTree = "<group>"; };
		501B586D1DBF6DD400165A00 /* NewUserGuide.h */ = {isa = PBXFileReference; fileEncoding = 4; lastKnownFileType = sourcecode.c.h; path = NewUserGuide.h; sourceTree = "<group>"; };
		501B586E1DBF6DD400165A00 /* NewUserGuide.m */ = {isa = PBXFileReference; fileEncoding = 4; lastKnownFileType = sourcecode.c.objc; path = NewUserGuide.m; sourceTree = "<group>"; };
		501B58741DBF723900165A00 /* EDIT HERE3.mp4 */ = {isa = PBXFileReference; lastKnownFileType = file; path = "EDIT HERE3.mp4"; sourceTree = "<group>"; };
		501B58751DBF723900165A00 /* HomeGuide@2x.png */ = {isa = PBXFileReference; lastKnownFileType = image.png; path = "HomeGuide@2x.png"; sourceTree = "<group>"; };
		501B58761DBF723900165A00 /* HomeGuide@3x.png */ = {isa = PBXFileReference; lastKnownFileType = image.png; path = "HomeGuide@3x.png"; sourceTree = "<group>"; };
		501B58781DBF723900165A00 /* HomeGuide5@2x.png */ = {isa = PBXFileReference; lastKnownFileType = image.png; path = "HomeGuide5@2x.png"; sourceTree = "<group>"; };
		501B58791DBF723900165A00 /* VerificationCode@2x.png */ = {isa = PBXFileReference; lastKnownFileType = image.png; path = "VerificationCode@2x.png"; sourceTree = "<group>"; };
		501B587A1DBF723900165A00 /* VerificationCode@3x.png */ = {isa = PBXFileReference; lastKnownFileType = image.png; path = "VerificationCode@3x.png"; sourceTree = "<group>"; };
		50FC93471DC044E8005FE22B /* 151.jpg */ = {isa = PBXFileReference; lastKnownFileType = image.jpeg; path = 151.jpg; sourceTree = "<group>"; };
		50FC93481DC044E8005FE22B /* 152.jpeg */ = {isa = PBXFileReference; lastKnownFileType = image.jpeg; path = 152.jpeg; sourceTree = "<group>"; };
		50FC93491DC044E8005FE22B /* 153.jpg */ = {isa = PBXFileReference; lastKnownFileType = image.jpeg; path = 153.jpg; sourceTree = "<group>"; };
/* End PBXFileReference section */

/* Begin PBXFrameworksBuildPhase section */
		501B57ED1DBF6D0700165A00 /* Frameworks */ = {
			isa = PBXFrameworksBuildPhase;
			buildActionMask = 2147483647;
			files = (
			);
			runOnlyForDeploymentPostprocessing = 0;
		};
		501B58061DBF6D0700165A00 /* Frameworks */ = {
			isa = PBXFrameworksBuildPhase;
			buildActionMask = 2147483647;
			files = (
			);
			runOnlyForDeploymentPostprocessing = 0;
		};
		501B58111DBF6D0700165A00 /* Frameworks */ = {
			isa = PBXFrameworksBuildPhase;
			buildActionMask = 2147483647;
			files = (
			);
			runOnlyForDeploymentPostprocessing = 0;
		};
/* End PBXFrameworksBuildPhase section */

/* Begin PBXGroup section */
		501B57E71DBF6D0700165A00 = {
			isa = PBXGroup;
			children = (
				501B57F21DBF6D0700165A00 /* BootAnimationDemo */,
				501B580C1DBF6D0700165A00 /* BootAnimationDemoTests */,
				501B58171DBF6D0700165A00 /* BootAnimationDemoUITests */,
				501B57F11DBF6D0700165A00 /* Products */,
			);
			sourceTree = "<group>";
		};
		501B57F11DBF6D0700165A00 /* Products */ = {
			isa = PBXGroup;
			children = (
				501B57F01DBF6D0700165A00 /* BootAnimationDemo.app */,
				501B58091DBF6D0700165A00 /* BootAnimationDemoTests.xctest */,
				501B58141DBF6D0700165A00 /* BootAnimationDemoUITests.xctest */,
			);
			name = Products;
			sourceTree = "<group>";
		};
		501B57F21DBF6D0700165A00 /* BootAnimationDemo */ = {
			isa = PBXGroup;
			children = (
				501B58261DBF6D4200165A00 /* BASource */,
				501B58271DBF6D4200165A00 /* ThirdSource */,
				501B57F61DBF6D0700165A00 /* AppDelegate.h */,
				501B57F71DBF6D0700165A00 /* AppDelegate.m */,
				501B57F91DBF6D0700165A00 /* ViewController.h */,
				501B57FA1DBF6D0700165A00 /* ViewController.m */,
				501B57FC1DBF6D0700165A00 /* Main.storyboard */,
				501B57FF1DBF6D0700165A00 /* Assets.xcassets */,
				501B58011DBF6D0700165A00 /* LaunchScreen.storyboard */,
				501B58041DBF6D0700165A00 /* Info.plist */,
				501B57F31DBF6D0700165A00 /* Supporting Files */,
			);
			path = BootAnimationDemo;
			sourceTree = "<group>";
		};
		501B57F31DBF6D0700165A00 /* Supporting Files */ = {
			isa = PBXGroup;
			children = (
				501B57F41DBF6D0700165A00 /* main.m */,
			);
			name = "Supporting Files";
			sourceTree = "<group>";
		};
		501B580C1DBF6D0700165A00 /* BootAnimationDemoTests */ = {
			isa = PBXGroup;
			children = (
				501B580D1DBF6D0700165A00 /* BootAnimationDemoTests.m */,
				501B580F1DBF6D0700165A00 /* Info.plist */,
			);
			path = BootAnimationDemoTests;
			sourceTree = "<group>";
		};
		501B58171DBF6D0700165A00 /* BootAnimationDemoUITests */ = {
			isa = PBXGroup;
			children = (
				501B58181DBF6D0700165A00 /* BootAnimationDemoUITests.m */,
				501B581A1DBF6D0700165A00 /* Info.plist */,
			);
			path = BootAnimationDemoUITests;
			sourceTree = "<group>";
		};
		501B58261DBF6D4200165A00 /* BASource */ = {
			isa = PBXGroup;
			children = (
				501B58731DBF6FFD00165A00 /* Images */,
				501B58671DBF6DD400165A00 /* BootAnimation.h */,
				501B58681DBF6DD400165A00 /* BootAnimation.m */,
				501B58691DBF6DD400165A00 /* CHRollView.h */,
				501B586A1DBF6DD400165A00 /* CHRollView.m */,
				501B586B1DBF6DD400165A00 /* GuidePagesViewController.h */,
				501B586C1DBF6DD400165A00 /* GuidePagesViewController.m */,
				501B586D1DBF6DD400165A00 /* NewUserGuide.h */,
				501B586E1DBF6DD400165A00 /* NewUserGuide.m */,
				501B58641DBF6DAE00165A00 /* GlobalModel.h */,
				501B58651DBF6DAE00165A00 /* GlobalModel.m */,
			);
			path = BASource;
			sourceTree = "<group>";
		};
		501B58271DBF6D4200165A00 /* ThirdSource */ = {
			isa = PBXGroup;
			children = (
				501B58281DBF6D5C00165A00 /* AFNetworking */,
			);
			path = ThirdSource;
			sourceTree = "<group>";
		};
		501B58281DBF6D5C00165A00 /* AFNetworking */ = {
			isa = PBXGroup;
			children = (
				501B58291DBF6D5C00165A00 /* AFNetworking */,
				501B583D1DBF6D5C00165A00 /* LICENSE */,
				501B583E1DBF6D5C00165A00 /* README.md */,
				501B583F1DBF6D5C00165A00 /* UIKit+AFNetworking */,
			);
			path = AFNetworking;
			sourceTree = "<group>";
		};
		501B58291DBF6D5C00165A00 /* AFNetworking */ = {
			isa = PBXGroup;
			children = (
				501B582A1DBF6D5C00165A00 /* AFHTTPRequestOperation.h */,
				501B582B1DBF6D5C00165A00 /* AFHTTPRequestOperation.m */,
				501B582C1DBF6D5C00165A00 /* AFHTTPRequestOperationManager.h */,
				501B582D1DBF6D5C00165A00 /* AFHTTPRequestOperationManager.m */,
				501B582E1DBF6D5C00165A00 /* AFHTTPSessionManager.h */,
				501B582F1DBF6D5C00165A00 /* AFHTTPSessionManager.m */,
				501B58301DBF6D5C00165A00 /* AFNetworking.h */,
				501B58311DBF6D5C00165A00 /* AFNetworkReachabilityManager.h */,
				501B58321DBF6D5C00165A00 /* AFNetworkReachabilityManager.m */,
				501B58331DBF6D5C00165A00 /* AFSecurityPolicy.h */,
				501B58341DBF6D5C00165A00 /* AFSecurityPolicy.m */,
				501B58351DBF6D5C00165A00 /* AFURLConnectionOperation.h */,
				501B58361DBF6D5C00165A00 /* AFURLConnectionOperation.m */,
				501B58371DBF6D5C00165A00 /* AFURLRequestSerialization.h */,
				501B58381DBF6D5C00165A00 /* AFURLRequestSerialization.m */,
				501B58391DBF6D5C00165A00 /* AFURLResponseSerialization.h */,
				501B583A1DBF6D5C00165A00 /* AFURLResponseSerialization.m */,
				501B583B1DBF6D5C00165A00 /* AFURLSessionManager.h */,
				501B583C1DBF6D5C00165A00 /* AFURLSessionManager.m */,
			);
			path = AFNetworking;
			sourceTree = "<group>";
		};
		501B583F1DBF6D5C00165A00 /* UIKit+AFNetworking */ = {
			isa = PBXGroup;
			children = (
				501B58401DBF6D5C00165A00 /* AFNetworkActivityIndicatorManager.h */,
				501B58411DBF6D5C00165A00 /* AFNetworkActivityIndicatorManager.m */,
				501B58421DBF6D5C00165A00 /* UIActivityIndicatorView+AFNetworking.h */,
				501B58431DBF6D5C00165A00 /* UIActivityIndicatorView+AFNetworking.m */,
				501B58441DBF6D5C00165A00 /* UIAlertView+AFNetworking.h */,
				501B58451DBF6D5C00165A00 /* UIAlertView+AFNetworking.m */,
				501B58461DBF6D5C00165A00 /* UIButton+AFNetworking.h */,
				501B58471DBF6D5C00165A00 /* UIButton+AFNetworking.m */,
				501B58481DBF6D5C00165A00 /* UIImageView+AFNetworking.h */,
				501B58491DBF6D5C00165A00 /* UIImageView+AFNetworking.m */,
				501B584A1DBF6D5C00165A00 /* UIKit+AFNetworking.h */,
				501B584B1DBF6D5C00165A00 /* UIProgressView+AFNetworking.h */,
				501B584C1DBF6D5C00165A00 /* UIProgressView+AFNetworking.m */,
				501B584D1DBF6D5C00165A00 /* UIRefreshControl+AFNetworking.h */,
				501B584E1DBF6D5C00165A00 /* UIRefreshControl+AFNetworking.m */,
				501B584F1DBF6D5C00165A00 /* UIWebView+AFNetworking.h */,
				501B58501DBF6D5C00165A00 /* UIWebView+AFNetworking.m */,
			);
			path = "UIKit+AFNetworking";
			sourceTree = "<group>";
		};
		501B58731DBF6FFD00165A00 /* Images */ = {
			isa = PBXGroup;
			children = (
				50FC93471DC044E8005FE22B /* 151.jpg */,
				50FC93481DC044E8005FE22B /* 152.jpeg */,
				50FC93491DC044E8005FE22B /* 153.jpg */,
				501B58741DBF723900165A00 /* EDIT HERE3.mp4 */,
				501B58751DBF723900165A00 /* HomeGuide@2x.png */,
				501B58761DBF723900165A00 /* HomeGuide@3x.png */,
				501B58781DBF723900165A00 /* HomeGuide5@2x.png */,
				501B58791DBF723900165A00 /* VerificationCode@2x.png */,
				501B587A1DBF723900165A00 /* VerificationCode@3x.png */,
			);
			path = Images;
			sourceTree = "<group>";
		};
/* End PBXGroup section */

/* Begin PBXNativeTarget section */
		501B57EF1DBF6D0700165A00 /* BootAnimationDemo */ = {
			isa = PBXNativeTarget;
			buildConfigurationList = 501B581D1DBF6D0700165A00 /* Build configuration list for PBXNativeTarget "BootAnimationDemo" */;
			buildPhases = (
				501B57EC1DBF6D0700165A00 /* Sources */,
				501B57ED1DBF6D0700165A00 /* Frameworks */,
				501B57EE1DBF6D0700165A00 /* Resources */,
			);
			buildRules = (
			);
			dependencies = (
			);
			name = BootAnimationDemo;
			productName = BootAnimationDemo;
			productReference = 501B57F01DBF6D0700165A00 /* BootAnimationDemo.app */;
			productType = "com.apple.product-type.application";
		};
		501B58081DBF6D0700165A00 /* BootAnimationDemoTests */ = {
			isa = PBXNativeTarget;
			buildConfigurationList = 501B58201DBF6D0700165A00 /* Build configuration list for PBXNativeTarget "BootAnimationDemoTests" */;
			buildPhases = (
				501B58051DBF6D0700165A00 /* Sources */,
				501B58061DBF6D0700165A00 /* Frameworks */,
				501B58071DBF6D0700165A00 /* Resources */,
			);
			buildRules = (
			);
			dependencies = (
				501B580B1DBF6D0700165A00 /* PBXTargetDependency */,
			);
			name = BootAnimationDemoTests;
			productName = BootAnimationDemoTests;
			productReference = 501B58091DBF6D0700165A00 /* BootAnimationDemoTests.xctest */;
			productType = "com.apple.product-type.bundle.unit-test";
		};
		501B58131DBF6D0700165A00 /* BootAnimationDemoUITests */ = {
			isa = PBXNativeTarget;
			buildConfigurationList = 501B58231DBF6D0700165A00 /* Build configuration list for PBXNativeTarget "BootAnimationDemoUITests" */;
			buildPhases = (
				501B58101DBF6D0700165A00 /* Sources */,
				501B58111DBF6D0700165A00 /* Frameworks */,
				501B58121DBF6D0700165A00 /* Resources */,
			);
			buildRules = (
			);
			dependencies = (
				501B58161DBF6D0700165A00 /* PBXTargetDependency */,
			);
			name = BootAnimationDemoUITests;
			productName = BootAnimationDemoUITests;
			productReference = 501B58141DBF6D0700165A00 /* BootAnimationDemoUITests.xctest */;
			productType = "com.apple.product-type.bundle.ui-testing";
		};
/* End PBXNativeTarget section */

/* Begin PBXProject section */
		501B57E81DBF6D0700165A00 /* Project object */ = {
			isa = PBXProject;
			attributes = {
				LastUpgradeCheck = 0800;
				ORGANIZATIONNAME = ss;
				TargetAttributes = {
					501B57EF1DBF6D0700165A00 = {
						CreatedOnToolsVersion = 8.0;
						DevelopmentTeam = 5VRS26AT5H;
						ProvisioningStyle = Automatic;
					};
					501B58081DBF6D0700165A00 = {
						CreatedOnToolsVersion = 8.0;
						DevelopmentTeam = 5VRS26AT5H;
						ProvisioningStyle = Automatic;
						TestTargetID = 501B57EF1DBF6D0700165A00;
					};
					501B58131DBF6D0700165A00 = {
						CreatedOnToolsVersion = 8.0;
						DevelopmentTeam = 5VRS26AT5H;
						ProvisioningStyle = Automatic;
						TestTargetID = 501B57EF1DBF6D0700165A00;
					};
				};
			};
			buildConfigurationList = 501B57EB1DBF6D0700165A00 /* Build configuration list for PBXProject "BootAnimationDemo" */;
			compatibilityVersion = "Xcode 3.2";
			developmentRegion = English;
			hasScannedForEncodings = 0;
			knownRegions = (
				en,
				Base,
			);
			mainGroup = 501B57E71DBF6D0700165A00;
			productRefGroup = 501B57F11DBF6D0700165A00 /* Products */;
			projectDirPath = "";
			projectRoot = "";
			targets = (
				501B57EF1DBF6D0700165A00 /* BootAnimationDemo */,
				501B58081DBF6D0700165A00 /* BootAnimationDemoTests */,
				501B58131DBF6D0700165A00 /* BootAnimationDemoUITests */,
			);
		};
/* End PBXProject section */

/* Begin PBXResourcesBuildPhase section */
		501B57EE1DBF6D0700165A00 /* Resources */ = {
			isa = PBXResourcesBuildPhase;
			buildActionMask = 2147483647;
			files = (
				50FC934C1DC044E8005FE22B /* 153.jpg in Resources */,
				50FC934B1DC044E8005FE22B /* 152.jpeg in Resources */,
				501B587F1DBF723900165A00 /* HomeGuide5@2x.png in Resources */,
				501B58031DBF6D0700165A00 /* LaunchScreen.storyboard in Resources */,
				501B58811DBF723900165A00 /* VerificationCode@3x.png in Resources */,
				501B58801DBF723900165A00 /* VerificationCode@2x.png in Resources */,
				501B587B1DBF723900165A00 /* EDIT HERE3.mp4 in Resources */,
				50FC934A1DC044E8005FE22B /* 151.jpg in Resources */,
				501B587C1DBF723900165A00 /* HomeGuide@2x.png in Resources */,
				501B58001DBF6D0700165A00 /* Assets.xcassets in Resources */,
				501B585A1DBF6D5C00165A00 /* LICENSE in Resources */,
				501B587D1DBF723900165A00 /* HomeGuide@3x.png in Resources */,
				501B57FE1DBF6D0700165A00 /* Main.storyboard in Resources */,
			);
			runOnlyForDeploymentPostprocessing = 0;
		};
		501B58071DBF6D0700165A00 /* Resources */ = {
			isa = PBXResourcesBuildPhase;
			buildActionMask = 2147483647;
			files = (
			);
			runOnlyForDeploymentPostprocessing = 0;
		};
		501B58121DBF6D0700165A00 /* Resources */ = {
			isa = PBXResourcesBuildPhase;
			buildActionMask = 2147483647;
			files = (
			);
			runOnlyForDeploymentPostprocessing = 0;
		};
/* End PBXResourcesBuildPhase section */

/* Begin PBXSourcesBuildPhase section */
		501B57EC1DBF6D0700165A00 /* Sources */ = {
			isa = PBXSourcesBuildPhase;
			buildActionMask = 2147483647;
			files = (
				501B58611DBF6D5C00165A00 /* UIProgressView+AFNetworking.m in Sources */,
				501B585F1DBF6D5C00165A00 /* UIButton+AFNetworking.m in Sources */,
				501B58621DBF6D5C00165A00 /* UIRefreshControl+AFNetworking.m in Sources */,
				501B585E1DBF6D5C00165A00 /* UIAlertView+AFNetworking.m in Sources */,
				501B58711DBF6DD400165A00 /* GuidePagesViewController.m in Sources */,
				501B58511DBF6D5C00165A00 /* AFHTTPRequestOperation.m in Sources */,
				501B586F1DBF6DD400165A00 /* BootAnimation.m in Sources */,
				501B58701DBF6DD400165A00 /* CHRollView.m in Sources */,
				501B57FB1DBF6D0700165A00 /* ViewController.m in Sources */,
				501B58661DBF6DAE00165A00 /* GlobalModel.m in Sources */,
				501B58721DBF6DD400165A00 /* NewUserGuide.m in Sources */,
				501B58521DBF6D5C00165A00 /* AFHTTPRequestOperationManager.m in Sources */,
				501B58541DBF6D5C00165A00 /* AFNetworkReachabilityManager.m in Sources */,
				501B585B1DBF6D5C00165A00 /* README.md in Sources */,
				501B58601DBF6D5C00165A00 /* UIImageView+AFNetworking.m in Sources */,
				501B58581DBF6D5C00165A00 /* AFURLResponseSerialization.m in Sources */,
				501B585D1DBF6D5C00165A00 /* UIActivityIndicatorView+AFNetworking.m in Sources */,
				501B58561DBF6D5C00165A00 /* AFURLConnectionOperation.m in Sources */,
				501B58551DBF6D5C00165A00 /* AFSecurityPolicy.m in Sources */,
				501B58531DBF6D5C00165A00 /* AFHTTPSessionManager.m in Sources */,
				501B58571DBF6D5C00165A00 /* AFURLRequestSerialization.m in Sources */,
				501B58591DBF6D5C00165A00 /* AFURLSessionManager.m in Sources */,
				501B58631DBF6D5C00165A00 /* UIWebView+AFNetworking.m in Sources */,
				501B57F81DBF6D0700165A00 /* AppDelegate.m in Sources */,
				501B585C1DBF6D5C00165A00 /* AFNetworkActivityIndicatorManager.m in Sources */,
				501B57F51DBF6D0700165A00 /* main.m in Sources */,
			);
			runOnlyForDeploymentPostprocessing = 0;
		};
		501B58051DBF6D0700165A00 /* Sources */ = {
			isa = PBXSourcesBuildPhase;
			buildActionMask = 2147483647;
			files = (
				501B580E1DBF6D0700165A00 /* BootAnimationDemoTests.m in Sources */,
			);
			runOnlyForDeploymentPostprocessing = 0;
		};
		501B58101DBF6D0700165A00 /* Sources */ = {
			isa = PBXSourcesBuildPhase;
			buildActionMask = 2147483647;
			files = (
				501B58191DBF6D0700165A00 /* BootAnimationDemoUITests.m in Sources */,
			);
			runOnlyForDeploymentPostprocessing = 0;
		};
/* End PBXSourcesBuildPhase section */

/* Begin PBXTargetDependency section */
		501B580B1DBF6D0700165A00 /* PBXTargetDependency */ = {
			isa = PBXTargetDependency;
			target = 501B57EF1DBF6D0700165A00 /* BootAnimationDemo */;
			targetProxy = 501B580A1DBF6D0700165A00 /* PBXContainerItemProxy */;
		};
		501B58161DBF6D0700165A00 /* PBXTargetDependency */ = {
			isa = PBXTargetDependency;
			target = 501B57EF1DBF6D0700165A00 /* BootAnimationDemo */;
			targetProxy = 501B58151DBF6D0700165A00 /* PBXContainerItemProxy */;
		};
/* End PBXTargetDependency section */

/* Begin PBXVariantGroup section */
		501B57FC1DBF6D0700165A00 /* Main.storyboard */ = {
			isa = PBXVariantGroup;
			children = (
				501B57FD1DBF6D0700165A00 /* Base */,
			);
			name = Main.storyboard;
			sourceTree = "<group>";
		};
		501B58011DBF6D0700165A00 /* LaunchScreen.storyboard */ = {
			isa = PBXVariantGroup;
			children = (
				501B58021DBF6D0700165A00 /* Base */,
			);
			name = LaunchScreen.storyboard;
			sourceTree = "<group>";
		};
/* End PBXVariantGroup section */

/* Begin XCBuildConfiguration section */
		501B581B1DBF6D0700165A00 /* Debug */ = {
			isa = XCBuildConfiguration;
			buildSettings = {
				ALWAYS_SEARCH_USER_PATHS = NO;
				CLANG_ANALYZER_NONNULL = YES;
				CLANG_CXX_LANGUAGE_STANDARD = "gnu++0x";
				CLANG_CXX_LIBRARY = "libc++";
				CLANG_ENABLE_MODULES = YES;
				CLANG_ENABLE_OBJC_ARC = YES;
				CLANG_WARN_BOOL_CONVERSION = YES;
				CLANG_WARN_CONSTANT_CONVERSION = YES;
				CLANG_WARN_DIRECT_OBJC_ISA_USAGE = YES_ERROR;
				CLANG_WARN_DOCUMENTATION_COMMENTS = YES;
				CLANG_WARN_EMPTY_BODY = YES;
				CLANG_WARN_ENUM_CONVERSION = YES;
				CLANG_WARN_INFINITE_RECURSION = YES;
				CLANG_WARN_INT_CONVERSION = YES;
				CLANG_WARN_OBJC_ROOT_CLASS = YES_ERROR;
				CLANG_WARN_SUSPICIOUS_MOVES = YES;
				CLANG_WARN_UNREACHABLE_CODE = YES;
				CLANG_WARN__DUPLICATE_METHOD_MATCH = YES;
				"CODE_SIGN_IDENTITY[sdk=iphoneos*]" = "iPhone Developer";
				COPY_PHASE_STRIP = NO;
				DEBUG_INFORMATION_FORMAT = dwarf;
				ENABLE_STRICT_OBJC_MSGSEND = YES;
				ENABLE_TESTABILITY = YES;
				GCC_C_LANGUAGE_STANDARD = gnu99;
				GCC_DYNAMIC_NO_PIC = NO;
				GCC_NO_COMMON_BLOCKS = YES;
				GCC_OPTIMIZATION_LEVEL = 0;
				GCC_PREPROCESSOR_DEFINITIONS = (
					"DEBUG=1",
					"$(inherited)",
				);
				GCC_WARN_64_TO_32_BIT_CONVERSION = YES;
				GCC_WARN_ABOUT_RETURN_TYPE = YES_ERROR;
				GCC_WARN_UNDECLARED_SELECTOR = YES;
				GCC_WARN_UNINITIALIZED_AUTOS = YES_AGGRESSIVE;
				GCC_WARN_UNUSED_FUNCTION = YES;
				GCC_WARN_UNUSED_VARIABLE = YES;
				IPHONEOS_DEPLOYMENT_TARGET = 10.0;
				MTL_ENABLE_DEBUG_INFO = YES;
				ONLY_ACTIVE_ARCH = YES;
				SDKROOT = iphoneos;
			};
			name = Debug;
		};
		501B581C1DBF6D0700165A00 /* Release */ = {
			isa = XCBuildConfiguration;
			buildSettings = {
				ALWAYS_SEARCH_USER_PATHS = NO;
				CLANG_ANALYZER_NONNULL = YES;
				CLANG_CXX_LANGUAGE_STANDARD = "gnu++0x";
				CLANG_CXX_LIBRARY = "libc++";
				CLANG_ENABLE_MODULES = YES;
				CLANG_ENABLE_OBJC_ARC = YES;
				CLANG_WARN_BOOL_CONVERSION = YES;
				CLANG_WARN_CONSTANT_CONVERSION = YES;
				CLANG_WARN_DIRECT_OBJC_ISA_USAGE = YES_ERROR;
				CLANG_WARN_DOCUMENTATION_COMMENTS = YES;
				CLANG_WARN_EMPTY_BODY = YES;
				CLANG_WARN_ENUM_CONVERSION = YES;
				CLANG_WARN_INFINITE_RECURSION = YES;
				CLANG_WARN_INT_CONVERSION = YES;
				CLANG_WARN_OBJC_ROOT_CLASS = YES_ERROR;
				CLANG_WARN_SUSPICIOUS_MOVES = YES;
				CLANG_WARN_UNREACHABLE_CODE = YES;
				CLANG_WARN__DUPLICATE_METHOD_MATCH = YES;
				"CODE_SIGN_IDENTITY[sdk=iphoneos*]" = "iPhone Developer";
				COPY_PHASE_STRIP = NO;
				DEBUG_INFORMATION_FORMAT = "dwarf-with-dsym";
				ENABLE_NS_ASSERTIONS = NO;
				ENABLE_STRICT_OBJC_MSGSEND = YES;
				GCC_C_LANGUAGE_STANDARD = gnu99;
				GCC_NO_COMMON_BLOCKS = YES;
				GCC_WARN_64_TO_32_BIT_CONVERSION = YES;
				GCC_WARN_ABOUT_RETURN_TYPE = YES_ERROR;
				GCC_WARN_UNDECLARED_SELECTOR = YES;
				GCC_WARN_UNINITIALIZED_AUTOS = YES_AGGRESSIVE;
				GCC_WARN_UNUSED_FUNCTION = YES;
				GCC_WARN_UNUSED_VARIABLE = YES;
				IPHONEOS_DEPLOYMENT_TARGET = 10.0;
				MTL_ENABLE_DEBUG_INFO = NO;
				SDKROOT = iphoneos;
				VALIDATE_PRODUCT = YES;
			};
			name = Release;
		};
		501B581E1DBF6D0700165A00 /* Debug */ = {
			isa = XCBuildConfiguration;
			buildSettings = {
				ASSETCATALOG_COMPILER_APPICON_NAME = AppIcon;
				DEVELOPMENT_TEAM = 5VRS26AT5H;
				INFOPLIST_FILE = BootAnimationDemo/Info.plist;
				LD_RUNPATH_SEARCH_PATHS = "$(inherited) @executable_path/Frameworks";
				PRODUCT_BUNDLE_IDENTIFIER = ss.BootAnimationDemo;
				PRODUCT_NAME = "$(TARGET_NAME)";
			};
			name = Debug;
		};
		501B581F1DBF6D0700165A00 /* Release */ = {
			isa = XCBuildConfiguration;
			buildSettings = {
				ASSETCATALOG_COMPILER_APPICON_NAME = AppIcon;
				DEVELOPMENT_TEAM = 5VRS26AT5H;
				INFOPLIST_FILE = BootAnimationDemo/Info.plist;
				LD_RUNPATH_SEARCH_PATHS = "$(inherited) @executable_path/Frameworks";
				PRODUCT_BUNDLE_IDENTIFIER = ss.BootAnimationDemo;
				PRODUCT_NAME = "$(TARGET_NAME)";
			};
			name = Release;
		};
		501B58211DBF6D0700165A00 /* Debug */ = {
			isa = XCBuildConfiguration;
			buildSettings = {
				BUNDLE_LOADER = "$(TEST_HOST)";
				DEVELOPMENT_TEAM = 5VRS26AT5H;
				INFOPLIST_FILE = BootAnimationDemoTests/Info.plist;
				LD_RUNPATH_SEARCH_PATHS = "$(inherited) @executable_path/Frameworks @loader_path/Frameworks";
				PRODUCT_BUNDLE_IDENTIFIER = ss.BootAnimationDemoTests;
				PRODUCT_NAME = "$(TARGET_NAME)";
				TEST_HOST = "$(BUILT_PRODUCTS_DIR)/BootAnimationDemo.app/BootAnimationDemo";
			};
			name = Debug;
		};
		501B58221DBF6D0700165A00 /* Release */ = {
			isa = XCBuildConfiguration;
			buildSettings = {
				BUNDLE_LOADER = "$(TEST_HOST)";
				DEVELOPMENT_TEAM = 5VRS26AT5H;
				INFOPLIST_FILE = BootAnimationDemoTests/Info.plist;
				LD_RUNPATH_SEARCH_PATHS = "$(inherited) @executable_path/Frameworks @loader_path/Frameworks";
				PRODUCT_BUNDLE_IDENTIFIER = ss.BootAnimationDemoTests;
				PRODUCT_NAME = "$(TARGET_NAME)";
				TEST_HOST = "$(BUILT_PRODUCTS_DIR)/BootAnimationDemo.app/BootAnimationDemo";
			};
			name = Release;
		};
		501B58241DBF6D0700165A00 /* Debug */ = {
			isa = XCBuildConfiguration;
			buildSettings = {
				DEVELOPMENT_TEAM = 5VRS26AT5H;
				INFOPLIST_FILE = BootAnimationDemoUITests/Info.plist;
				LD_RUNPATH_SEARCH_PATHS = "$(inherited) @executable_path/Frameworks @loader_path/Frameworks";
				PRODUCT_BUNDLE_IDENTIFIER = ss.BootAnimationDemoUITests;
				PRODUCT_NAME = "$(TARGET_NAME)";
				TEST_TARGET_NAME = BootAnimationDemo;
			};
			name = Debug;
		};
		501B58251DBF6D0700165A00 /* Release */ = {
			isa = XCBuildConfiguration;
			buildSettings = {
				DEVELOPMENT_TEAM = 5VRS26AT5H;
				INFOPLIST_FILE = BootAnimationDemoUITests/Info.plist;
				LD_RUNPATH_SEARCH_PATHS = "$(inherited) @executable_path/Frameworks @loader_path/Frameworks";
				PRODUCT_BUNDLE_IDENTIFIER = ss.BootAnimationDemoUITests;
				PRODUCT_NAME = "$(TARGET_NAME)";
				TEST_TARGET_NAME = BootAnimationDemo;
			};
			name = Release;
		};
/* End XCBuildConfiguration section */

/* Begin XCConfigurationList section */
		501B57EB1DBF6D0700165A00 /* Build configuration list for PBXProject "BootAnimationDemo" */ = {
			isa = XCConfigurationList;
			buildConfigurations = (
				501B581B1DBF6D0700165A00 /* Debug */,
				501B581C1DBF6D0700165A00 /* Release */,
			);
			defaultConfigurationIsVisible = 0;
			defaultConfigurationName = Release;
		};
		501B581D1DBF6D0700165A00 /* Build configuration list for PBXNativeTarget "BootAnimationDemo" */ = {
			isa = XCConfigurationList;
			buildConfigurations = (
				501B581E1DBF6D0700165A00 /* Debug */,
				501B581F1DBF6D0700165A00 /* Release */,
			);
			defaultConfigurationIsVisible = 0;
			defaultConfigurationName = Release;
		};
		501B58201DBF6D0700165A00 /* Build configuration list for PBXNativeTarget "BootAnimationDemoTests" */ = {
			isa = XCConfigurationList;
			buildConfigurations = (
				501B58211DBF6D0700165A00 /* Debug */,
				501B58221DBF6D0700165A00 /* Release */,
			);
			defaultConfigurationIsVisible = 0;
			defaultConfigurationName = Release;
		};
		501B58231DBF6D0700165A00 /* Build configuration list for PBXNativeTarget "BootAnimationDemoUITests" */ = {
			isa = XCConfigurationList;
			buildConfigurations = (
				501B58241DBF6D0700165A00 /* Debug */,
				501B58251DBF6D0700165A00 /* Release */,
			);
			defaultConfigurationIsVisible = 0;
			defaultConfigurationName = Release;
		};
/* End XCConfigurationList section */
	};
	rootObject = 501B57E81DBF6D0700165A00 /* Project object */;
}
